// !$*UTF8*$!
{
	archiveVersion = 1;
	classes = {
	};
	objectVersion = 50;
	objects = {

/* Begin PBXBuildFile section */
		20433289214F460C0062ECC7 /* AppDelegate.swift in Sources */ = {isa = PBXBuildFile; fileRef = 20433288214F460C0062ECC7 /* AppDelegate.swift */; };
		2043328E214F460C0062ECC7 /* Main.storyboard in Resources */ = {isa = PBXBuildFile; fileRef = 2043328C214F460C0062ECC7 /* Main.storyboard */; };
		20433291214F460C0062ECC7 /* barcode.xcdatamodeld in Sources */ = {isa = PBXBuildFile; fileRef = 2043328F214F460C0062ECC7 /* barcode.xcdatamodeld */; };
		20433293214F460E0062ECC7 /* Assets.xcassets in Resources */ = {isa = PBXBuildFile; fileRef = 20433292214F460E0062ECC7 /* Assets.xcassets */; };
		20433296214F460E0062ECC7 /* LaunchScreen.storyboard in Resources */ = {isa = PBXBuildFile; fileRef = 20433294214F460E0062ECC7 /* LaunchScreen.storyboard */; };
		204332A1214F46740062ECC7 /* VSHistoryCell.swift in Sources */ = {isa = PBXBuildFile; fileRef = 2043329E214F46740062ECC7 /* VSHistoryCell.swift */; };
		204332A2214F46740062ECC7 /* VSHistoryCell.xib in Resources */ = {isa = PBXBuildFile; fileRef = 2043329F214F46740062ECC7 /* VSHistoryCell.xib */; };
		204332A3214F46740062ECC7 /* VSResultController.swift in Sources */ = {isa = PBXBuildFile; fileRef = 204332A0214F46740062ECC7 /* VSResultController.swift */; };
		204332AA214F46790062ECC7 /* UIView+Extension.swift in Sources */ = {isa = PBXBuildFile; fileRef = 204332A5214F46790062ECC7 /* UIView+Extension.swift */; };
		204332AB214F46790062ECC7 /* VSScanner.swift in Sources */ = {isa = PBXBuildFile; fileRef = 204332A6214F46790062ECC7 /* VSScanner.swift */; };
		204332AC214F46790062ECC7 /* VSScanner.xib in Resources */ = {isa = PBXBuildFile; fileRef = 204332A7214F46790062ECC7 /* VSScanner.xib */; };
		204332AD214F46790062ECC7 /* VSScannerDelegate.swift in Sources */ = {isa = PBXBuildFile; fileRef = 204332A8214F46790062ECC7 /* VSScannerDelegate.swift */; };
		204332AE214F46790062ECC7 /* VSXibView.swift in Sources */ = {isa = PBXBuildFile; fileRef = 204332A9214F46790062ECC7 /* VSXibView.swift */; };
		204332B0214F46830062ECC7 /* VSHomeController.swift in Sources */ = {isa = PBXBuildFile; fileRef = 204332AF214F46830062ECC7 /* VSHomeController.swift */; };
		638D967F214F58FD0070350D /* VSDatabaseManager.swift in Sources */ = {isa = PBXBuildFile; fileRef = 638D967B214F58FD0070350D /* VSDatabaseManager.swift */; };
		638D9680214F58FD0070350D /* VSBarcode.swift in Sources */ = {isa = PBXBuildFile; fileRef = 638D967C214F58FD0070350D /* VSBarcode.swift */; };
		638D968F214F5BD90070350D /* Barcode+CoreDataClass.swift in Sources */ = {isa = PBXBuildFile; fileRef = 638D968D214F5BD90070350D /* Barcode+CoreDataClass.swift */; };
		638D9690214F5BD90070350D /* Barcode+CoreDataProperties.swift in Sources */ = {isa = PBXBuildFile; fileRef = 638D968E214F5BD90070350D /* Barcode+CoreDataProperties.swift */; };
/* End PBXBuildFile section */

/* Begin PBXFileReference section */
		20433285214F460C0062ECC7 /* barcode.app */ = {isa = PBXFileReference; explicitFileType = wrapper.application; includeInIndex = 0; path = barcode.app; sourceTree = BUILT_PRODUCTS_DIR; };
		20433288214F460C0062ECC7 /* AppDelegate.swift */ = {isa = PBXFileReference; lastKnownFileType = sourcecode.swift; path = AppDelegate.swift; sourceTree = "<group>"; };
		2043328D214F460C0062ECC7 /* Base */ = {isa = PBXFileReference; lastKnownFileType = file.storyboard; name = Base; path = Base.lproj/Main.storyboard; sourceTree = "<group>"; };
		20433290214F460C0062ECC7 /* barcode.xcdatamodel */ = {isa = PBXFileReference; lastKnownFileType = wrapper.xcdatamodel; path = barcode.xcdatamodel; sourceTree = "<group>"; };
		20433292214F460E0062ECC7 /* Assets.xcassets */ = {isa = PBXFileReference; lastKnownFileType = folder.assetcatalog; path = Assets.xcassets; sourceTree = "<group>"; };
		20433295214F460E0062ECC7 /* Base */ = {isa = PBXFileReference; lastKnownFileType = file.storyboard; name = Base; path = Base.lproj/LaunchScreen.storyboard; sourceTree = "<group>"; };
		20433297214F460E0062ECC7 /* Info.plist */ = {isa = PBXFileReference; lastKnownFileType = text.plist.xml; path = Info.plist; sourceTree = "<group>"; };
		2043329E214F46740062ECC7 /* VSHistoryCell.swift */ = {isa = PBXFileReference; fileEncoding = 4; lastKnownFileType = sourcecode.swift; path = VSHistoryCell.swift; sourceTree = "<group>"; };
		2043329F214F46740062ECC7 /* VSHistoryCell.xib */ = {isa = PBXFileReference; fileEncoding = 4; lastKnownFileType = file.xib; path = VSHistoryCell.xib; sourceTree = "<group>"; };
		204332A0214F46740062ECC7 /* VSResultController.swift */ = {isa = PBXFileReference; fileEncoding = 4; lastKnownFileType = sourcecode.swift; path = VSResultController.swift; sourceTree = "<group>"; };
		204332A5214F46790062ECC7 /* UIView+Extension.swift */ = {isa = PBXFileReference; fileEncoding = 4; lastKnownFileType = sourcecode.swift; path = "UIView+Extension.swift"; sourceTree = "<group>"; };
		204332A6214F46790062ECC7 /* VSScanner.swift */ = {isa = PBXFileReference; fileEncoding = 4; lastKnownFileType = sourcecode.swift; path = VSScanner.swift; sourceTree = "<group>"; };
		204332A7214F46790062ECC7 /* VSScanner.xib */ = {isa = PBXFileReference; fileEncoding = 4; lastKnownFileType = file.xib; path = VSScanner.xib; sourceTree = "<group>"; };
		204332A8214F46790062ECC7 /* VSScannerDelegate.swift */ = {isa = PBXFileReference; fileEncoding = 4; lastKnownFileType = sourcecode.swift; path = VSScannerDelegate.swift; sourceTree = "<group>"; };
		204332A9214F46790062ECC7 /* VSXibView.swift */ = {isa = PBXFileReference; fileEncoding = 4; lastKnownFileType = sourcecode.swift; path = VSXibView.swift; sourceTree = "<group>"; };
		204332AF214F46830062ECC7 /* VSHomeController.swift */ = {isa = PBXFileReference; fileEncoding = 4; lastKnownFileType = sourcecode.swift; path = VSHomeController.swift; sourceTree = "<group>"; };
		638D967B214F58FD0070350D /* VSDatabaseManager.swift */ = {isa = PBXFileReference; fileEncoding = 4; lastKnownFileType = sourcecode.swift; path = VSDatabaseManager.swift; sourceTree = "<group>"; };
		638D967C214F58FD0070350D /* VSBarcode.swift */ = {isa = PBXFileReference; fileEncoding = 4; lastKnownFileType = sourcecode.swift; path = VSBarcode.swift; sourceTree = "<group>"; };
		638D968D214F5BD90070350D /* Barcode+CoreDataClass.swift */ = {isa = PBXFileReference; fileEncoding = 4; lastKnownFileType = sourcecode.swift; path = "Barcode+CoreDataClass.swift"; sourceTree = "<group>"; };
		638D968E214F5BD90070350D /* Barcode+CoreDataProperties.swift */ = {isa = PBXFileReference; fileEncoding = 4; lastKnownFileType = sourcecode.swift; path = "Barcode+CoreDataProperties.swift"; sourceTree = "<group>"; };
/* End PBXFileReference section */

/* Begin PBXFrameworksBuildPhase section */
		20433282214F460C0062ECC7 /* Frameworks */ = {
			isa = PBXFrameworksBuildPhase;
			buildActionMask = 2147483647;
			files = (
			);
			runOnlyForDeploymentPostprocessing = 0;
		};
/* End PBXFrameworksBuildPhase section */

/* Begin PBXGroup section */
		2043327C214F460C0062ECC7 = {
			isa = PBXGroup;
			children = (
				20433287214F460C0062ECC7 /* barcode */,
				20433286214F460C0062ECC7 /* Products */,
			);
			sourceTree = "<group>";
		};
		20433286214F460C0062ECC7 /* Products */ = {
			isa = PBXGroup;
			children = (
				20433285214F460C0062ECC7 /* barcode.app */,
			);
			name = Products;
			sourceTree = "<group>";
		};
		20433287214F460C0062ECC7 /* barcode */ = {
			isa = PBXGroup;
			children = (
				20433288214F460C0062ECC7 /* AppDelegate.swift */,
				204332AF214F46830062ECC7 /* VSHomeController.swift */,
				204332A4214F46790062ECC7 /* Scanner */,
				2043329D214F46740062ECC7 /* ScanOutput */,
				638D9678214F58FD0070350D /* Coredata */,
				2043328C214F460C0062ECC7 /* Main.storyboard */,
				20433292214F460E0062ECC7 /* Assets.xcassets */,
				20433294214F460E0062ECC7 /* LaunchScreen.storyboard */,
				20433297214F460E0062ECC7 /* Info.plist */,
				2043328F214F460C0062ECC7 /* barcode.xcdatamodeld */,
			);
			path = barcode;
			sourceTree = "<group>";
		};
		2043329D214F46740062ECC7 /* ScanOutput */ = {
			isa = PBXGroup;
			children = (
				2043329E214F46740062ECC7 /* VSHistoryCell.swift */,
				2043329F214F46740062ECC7 /* VSHistoryCell.xib */,
				204332A0214F46740062ECC7 /* VSResultController.swift */,
			);
			path = ScanOutput;
			sourceTree = "<group>";
		};
		204332A4214F46790062ECC7 /* Scanner */ = {
			isa = PBXGroup;
			children = (
				204332A5214F46790062ECC7 /* UIView+Extension.swift */,
				204332A9214F46790062ECC7 /* VSXibView.swift */,
				204332A6214F46790062ECC7 /* VSScanner.swift */,
				204332A7214F46790062ECC7 /* VSScanner.xib */,
				204332A8214F46790062ECC7 /* VSScannerDelegate.swift */,
			);
			path = Scanner;
			sourceTree = "<group>";
		};
		638D9678214F58FD0070350D /* Coredata */ = {
			isa = PBXGroup;
			children = (
				638D967C214F58FD0070350D /* VSBarcode.swift */,
				638D968D214F5BD90070350D /* Barcode+CoreDataClass.swift */,
				638D968E214F5BD90070350D /* Barcode+CoreDataProperties.swift */,
				638D967B214F58FD0070350D /* VSDatabaseManager.swift */,
			);
			path = Coredata;
			sourceTree = "<group>";
		};
/* End PBXGroup section */

/* Begin PBXNativeTarget section */
		20433284214F460C0062ECC7 /* barcode */ = {
			isa = PBXNativeTarget;
			buildConfigurationList = 2043329A214F460E0062ECC7 /* Build configuration list for PBXNativeTarget "barcode" */;
			buildPhases = (
				20433281214F460C0062ECC7 /* Sources */,
				20433282214F460C0062ECC7 /* Frameworks */,
				20433283214F460C0062ECC7 /* Resources */,
			);
			buildRules = (
			);
			dependencies = (
			);
			name = barcode;
			productName = barcode;
			productReference = 20433285214F460C0062ECC7 /* barcode.app */;
			productType = "com.apple.product-type.application";
		};
/* End PBXNativeTarget section */

/* Begin PBXProject section */
		2043327D214F460C0062ECC7 /* Project object */ = {
			isa = PBXProject;
			attributes = {
				LastSwiftUpdateCheck = 0940;
				LastUpgradeCheck = 0940;
				ORGANIZATIONNAME = "Md. Mamun-Ur-Rashid";
				TargetAttributes = {
					20433284214F460C0062ECC7 = {
						CreatedOnToolsVersion = 9.4.1;
					};
				};
			};
			buildConfigurationList = 20433280214F460C0062ECC7 /* Build configuration list for PBXProject "barcode" */;
			compatibilityVersion = "Xcode 9.3";
			developmentRegion = en;
			hasScannedForEncodings = 0;
			knownRegions = (
				en,
				Base,
			);
			mainGroup = 2043327C214F460C0062ECC7;
			productRefGroup = 20433286214F460C0062ECC7 /* Products */;
			projectDirPath = "";
			projectRoot = "";
			targets = (
				20433284214F460C0062ECC7 /* barcode */,
			);
		};
/* End PBXProject section */

/* Begin PBXResourcesBuildPhase section */
		20433283214F460C0062ECC7 /* Resources */ = {
			isa = PBXResourcesBuildPhase;
			buildActionMask = 2147483647;
			files = (
				20433296214F460E0062ECC7 /* LaunchScreen.storyboard in Resources */,
				204332A2214F46740062ECC7 /* VSHistoryCell.xib in Resources */,
				20433293214F460E0062ECC7 /* Assets.xcassets in Resources */,
				204332AC214F46790062ECC7 /* VSScanner.xib in Resources */,
				2043328E214F460C0062ECC7 /* Main.storyboard in Resources */,
			);
			runOnlyForDeploymentPostprocessing = 0;
		};
/* End PBXResourcesBuildPhase section */

/* Begin PBXSourcesBuildPhase section */
		20433281214F460C0062ECC7 /* Sources */ = {
			isa = PBXSourcesBuildPhase;
			buildActionMask = 2147483647;
			files = (
				204332AD214F46790062ECC7 /* VSScannerDelegate.swift in Sources */,
				204332AA214F46790062ECC7 /* UIView+Extension.swift in Sources */,
				204332AB214F46790062ECC7 /* VSScanner.swift in Sources */,
				638D967F214F58FD0070350D /* VSDatabaseManager.swift in Sources */,
				638D9690214F5BD90070350D /* Barcode+CoreDataProperties.swift in Sources */,
				204332A1214F46740062ECC7 /* VSHistoryCell.swift in Sources */,
				638D9680214F58FD0070350D /* VSBarcode.swift in Sources */,
				638D968F214F5BD90070350D /* Barcode+CoreDataClass.swift in Sources */,
				204332AE214F46790062ECC7 /* VSXibView.swift in Sources */,
				20433291214F460C0062ECC7 /* barcode.xcdatamodeld in Sources */,
				204332A3214F46740062ECC7 /* VSResultController.swift in Sources */,
				20433289214F460C0062ECC7 /* AppDelegate.swift in Sources */,
				204332B0214F46830062ECC7 /* VSHomeController.swift in Sources */,
			);
			runOnlyForDeploymentPostprocessing = 0;
		};
/* End PBXSourcesBuildPhase section */

/* Begin PBXVariantGroup section */
		2043328C214F460C0062ECC7 /* Main.storyboard */ = {
			isa = PBXVariantGroup;
			children = (
				2043328D214F460C0062ECC7 /* Base */,
			);
			name = Main.storyboard;
			sourceTree = "<group>";
		};
		20433294214F460E0062ECC7 /* LaunchScreen.storyboard */ = {
			isa = PBXVariantGroup;
			children = (
				20433295214F460E0062ECC7 /* Base */,
			);
			name = LaunchScreen.storyboard;
			sourceTree = "<group>";
		};
/* End PBXVariantGroup section */

/* Begin XCBuildConfiguration section */
		20433298214F460E0062ECC7 /* Debug */ = {
			isa = XCBuildConfiguration;
			buildSettings = {
				ALWAYS_SEARCH_USER_PATHS = NO;
				CLANG_ANALYZER_NONNULL = YES;
				CLANG_ANALYZER_NUMBER_OBJECT_CONVERSION = YES_AGGRESSIVE;
				CLANG_CXX_LANGUAGE_STANDARD = "gnu++14";
				CLANG_CXX_LIBRARY = "libc++";
				CLANG_ENABLE_MODULES = YES;
				CLANG_ENABLE_OBJC_ARC = YES;
				CLANG_ENABLE_OBJC_WEAK = YES;
				CLANG_WARN_BLOCK_CAPTURE_AUTORELEASING = YES;
				CLANG_WARN_BOOL_CONVERSION = YES;
				CLANG_WARN_COMMA = YES;
				CLANG_WARN_CONSTANT_CONVERSION = YES;
				CLANG_WARN_DEPRECATED_OBJC_IMPLEMENTATIONS = YES;
				CLANG_WARN_DIRECT_OBJC_ISA_USAGE = YES_ERROR;
				CLANG_WARN_DOCUMENTATION_COMMENTS = YES;
				CLANG_WARN_EMPTY_BODY = YES;
				CLANG_WARN_ENUM_CONVERSION = YES;
				CLANG_WARN_INFINITE_RECURSION = YES;
				CLANG_WARN_INT_CONVERSION = YES;
				CLANG_WARN_NON_LITERAL_NULL_CONVERSION = YES;
				CLANG_WARN_OBJC_IMPLICIT_RETAIN_SELF = YES;
				CLANG_WARN_OBJC_LITERAL_CONVERSION = YES;
				CLANG_WARN_OBJC_ROOT_CLASS = YES_ERROR;
				CLANG_WARN_RANGE_LOOP_ANALYSIS = YES;
				CLANG_WARN_STRICT_PROTOTYPES = YES;
				CLANG_WARN_SUSPICIOUS_MOVE = YES;
				CLANG_WARN_UNGUARDED_AVAILABILITY = YES_AGGRESSIVE;
				CLANG_WARN_UNREACHABLE_CODE = YES;
				CLANG_WARN__DUPLICATE_METHOD_MATCH = YES;
				CODE_SIGN_IDENTITY = "iPhone Developer";
				COPY_PHASE_STRIP = NO;
				DEBUG_INFORMATION_FORMAT = dwarf;
				ENABLE_STRICT_OBJC_MSGSEND = YES;
				ENABLE_TESTABILITY = YES;
				GCC_C_LANGUAGE_STANDARD = gnu11;
				GCC_DYNAMIC_NO_PIC = NO;
				GCC_NO_COMMON_BLOCKS = YES;
				GCC_OPTIMIZATION_LEVEL = 0;
				GCC_PREPROCESSOR_DEFINITIONS = (
					"DEBUG=1",
					"$(inherited)",
				);
				GCC_WARN_64_TO_32_BIT_CONVERSION = YES;
				GCC_WARN_ABOUT_RETURN_TYPE = YES_ERROR;
				GCC_WARN_UNDECLARED_SELECTOR = YES;
				GCC_WARN_UNINITIALIZED_AUTOS = YES_AGGRESSIVE;
				GCC_WARN_UNUSED_FUNCTION = YES;
				GCC_WARN_UNUSED_VARIABLE = YES;
				IPHONEOS_DEPLOYMENT_TARGET = 11.4;
				MTL_ENABLE_DEBUG_INFO = YES;
				ONLY_ACTIVE_ARCH = YES;
				SDKROOT = iphoneos;
				SWIFT_ACTIVE_COMPILATION_CONDITIONS = DEBUG;
				SWIFT_OPTIMIZATION_LEVEL = "-Onone";
			};
			name = Debug;
		};
		20433299214F460E0062ECC7 /* Release */ = {
			isa = XCBuildConfiguration;
			buildSettings = {
				ALWAYS_SEARCH_USER_PATHS = NO;
				CLANG_ANALYZER_NONNULL = YES;
				CLANG_ANALYZER_NUMBER_OBJECT_CONVERSION = YES_AGGRESSIVE;
				CLANG_CXX_LANGUAGE_STANDARD = "gnu++14";
				CLANG_CXX_LIBRARY = "libc++";
				CLANG_ENABLE_MODULES = YES;
				CLANG_ENABLE_OBJC_ARC = YES;
				CLANG_ENABLE_OBJC_WEAK = YES;
				CLANG_WARN_BLOCK_CAPTURE_AUTORELEASING = YES;
				CLANG_WARN_BOOL_CONVERSION = YES;
				CLANG_WARN_COMMA = YES;
				CLANG_WARN_CONSTANT_CONVERSION = YES;
				CLANG_WARN_DEPRECATED_OBJC_IMPLEMENTATIONS = YES;
				CLANG_WARN_DIRECT_OBJC_ISA_USAGE = YES_ERROR;
				CLANG_WARN_DOCUMENTATION_COMMENTS = YES;
				CLANG_WARN_EMPTY_BODY = YES;
				CLANG_WARN_ENUM_CONVERSION = YES;
				CLANG_WARN_INFINITE_RECURSION = YES;
				CLANG_WARN_INT_CONVERSION = YES;
				CLANG_WARN_NON_LITERAL_NULL_CONVERSION = YES;
				CLANG_WARN_OBJC_IMPLICIT_RETAIN_SELF = YES;
				CLANG_WARN_OBJC_LITERAL_CONVERSION = YES;
				CLANG_WARN_OBJC_ROOT_CLASS = YES_ERROR;
				CLANG_WARN_RANGE_LOOP_ANALYSIS = YES;
				CLANG_WARN_STRICT_PROTOTYPES = YES;
				CLANG_WARN_SUSPICIOUS_MOVE = YES;
				CLANG_WARN_UNGUARDED_AVAILABILITY = YES_AGGRESSIVE;
				CLANG_WARN_UNREACHABLE_CODE = YES;
				CLANG_WARN__DUPLICATE_METHOD_MATCH = YES;
				CODE_SIGN_IDENTITY = "iPhone Developer";
				COPY_PHASE_STRIP = NO;
				DEBUG_INFORMATION_FORMAT = "dwarf-with-dsym";
				ENABLE_NS_ASSERTIONS = NO;
				ENABLE_STRICT_OBJC_MSGSEND = YES;
				GCC_C_LANGUAGE_STANDARD = gnu11;
				GCC_NO_COMMON_BLOCKS = YES;
				GCC_WARN_64_TO_32_BIT_CONVERSION = YES;
				GCC_WARN_ABOUT_RETURN_TYPE = YES_ERROR;
				GCC_WARN_UNDECLARED_SELECTOR = YES;
				GCC_WARN_UNINITIALIZED_AUTOS = YES_AGGRESSIVE;
				GCC_WARN_UNUSED_FUNCTION = YES;
				GCC_WARN_UNUSED_VARIABLE = YES;
				IPHONEOS_DEPLOYMENT_TARGET = 11.4;
				MTL_ENABLE_DEBUG_INFO = NO;
				SDKROOT = iphoneos;
				SWIFT_COMPILATION_MODE = wholemodule;
				SWIFT_OPTIMIZATION_LEVEL = "-O";
				VALIDATE_PRODUCT = YES;
			};
			name = Release;
		};
		2043329B214F460E0062ECC7 /* Debug */ = {
			isa = XCBuildConfiguration;
			buildSettings = {
				ASSETCATALOG_COMPILER_APPICON_NAME = AppIcon;
				CODE_SIGN_STYLE = Manual;
				DEVELOPMENT_TEAM = MB952926M3;
				INFOPLIST_FILE = barcode/Info.plist;
				IPHONEOS_DEPLOYMENT_TARGET = 10.0;
				LD_RUNPATH_SEARCH_PATHS = (
					"$(inherited)",
					"@executable_path/Frameworks",
				);
				PRODUCT_BUNDLE_IDENTIFIER = com.ringid.barcode;
				PRODUCT_NAME = "$(TARGET_NAME)";
				PROVISIONING_PROFILE = "8bc65194-c8f7-4649-bef1-5fd3618dbc60";
				PROVISIONING_PROFILE_SPECIFIER = "iOS DEV WildCard";
				SWIFT_VERSION = 4.0;
				TARGETED_DEVICE_FAMILY = "1,2";
			};
			name = Debug;
		};
		2043329C214F460E0062ECC7 /* Release */ = {
			isa = XCBuildConfiguration;
			buildSettings = {
				ASSETCATALOG_COMPILER_APPICON_NAME = AppIcon;
				CODE_SIGN_STYLE = Manual;
				DEVELOPMENT_TEAM = MB952926M3;
				INFOPLIST_FILE = barcode/Info.plist;
				IPHONEOS_DEPLOYMENT_TARGET = 10.0;
				LD_RUNPATH_SEARCH_PATHS = (
					"$(inherited)",
					"@executable_path/Frameworks",
				);
				PRODUCT_BUNDLE_IDENTIFIER = com.ringid.barcode;
				PRODUCT_NAME = "$(TARGET_NAME)";
				PROVISIONING_PROFILE = "8bc65194-c8f7-4649-bef1-5fd3618dbc60";
				PROVISIONING_PROFILE_SPECIFIER = "iOS DEV WildCard";
				SWIFT_VERSION = 4.0;
				TARGETED_DEVICE_FAMILY = "1,2";
			};
			name = Release;
		};
/* End XCBuildConfiguration section */

/* Begin XCConfigurationList section */
		20433280214F460C0062ECC7 /* Build configuration list for PBXProject "barcode" */ = {
			isa = XCConfigurationList;
			buildConfigurations = (
				20433298214F460E0062ECC7 /* Debug */,
				20433299214F460E0062ECC7 /* Release */,
			);
			defaultConfigurationIsVisible = 0;
			defaultConfigurationName = Release;
		};
		2043329A214F460E0062ECC7 /* Build configuration list for PBXNativeTarget "barcode" */ = {
			isa = XCConfigurationList;
			buildConfigurations = (
				2043329B214F460E0062ECC7 /* Debug */,
				2043329C214F460E0062ECC7 /* Release */,
			);
			defaultConfigurationIsVisible = 0;
			defaultConfigurationName = Release;
		};
/* End XCConfigurationList section */

/* Begin XCVersionGroup section */
		2043328F214F460C0062ECC7 /* barcode.xcdatamodeld */ = {
			isa = XCVersionGroup;
			children = (
				20433290214F460C0062ECC7 /* barcode.xcdatamodel */,
			);
			currentVersion = 20433290214F460C0062ECC7 /* barcode.xcdatamodel */;
			path = barcode.xcdatamodeld;
			sourceTree = "<group>";
			versionGroupType = wrapper.xcdatamodel;
		};
/* End XCVersionGroup section */
	};
	rootObject = 2043327D214F460C0062ECC7 /* Project object */;
}
